// !$*UTF8*$!
{
	archiveVersion = 1;
	classes = {
	};
	objectVersion = 46;
	objects = {

/* Begin PBXBuildFile section */
		CB361D501BF9DEB900B62159 /* EvernoteSDKMac.framework in CopyFiles */ = {isa = PBXBuildFile; fileRef = CBE97BE41BF9DB54009325AF /* EvernoteSDKMac.framework */; settings = {ATTRIBUTES = (CodeSignOnCopy, RemoveHeadersOnCopy, ); }; };
		CB361D531BF9DF2300B62159 /* EvernoteSDKMac.framework in Frameworks */ = {isa = PBXBuildFile; fileRef = CBE97BE41BF9DB54009325AF /* EvernoteSDKMac.framework */; };
		CB361D591BF9F27C00B62159 /* TagManager.swift in Sources */ = {isa = PBXBuildFile; fileRef = CB361D581BF9F27C00B62159 /* TagManager.swift */; };
		CB361D5D1BF9F45B00B62159 /* EvernoteManager.swift in Sources */ = {isa = PBXBuildFile; fileRef = CB361D5C1BF9F45B00B62159 /* EvernoteManager.swift */; };
		CB46D2F01BF5654D0037BD46 /* AppDelegate.swift in Sources */ = {isa = PBXBuildFile; fileRef = CB46D2EF1BF5654D0037BD46 /* AppDelegate.swift */; };
		CB46D3051BF5654D0037BD46 /* TagMacTests.swift in Sources */ = {isa = PBXBuildFile; fileRef = CB46D3041BF5654D0037BD46 /* TagMacTests.swift */; };
		CB46D3101BF5654D0037BD46 /* TagMacUITests.swift in Sources */ = {isa = PBXBuildFile; fileRef = CB46D30F1BF5654D0037BD46 /* TagMacUITests.swift */; };
		CB46D3211BF568F70037BD46 /* CloudKit.framework in Frameworks */ = {isa = PBXBuildFile; fileRef = CB46D3201BF568F70037BD46 /* CloudKit.framework */; };
		CB64E3A91BFA039500983121 /* Alamofire.framework in Frameworks */ = {isa = PBXBuildFile; fileRef = CB64E3831BFA036E00983121 /* Alamofire.framework */; };
		CB64E3AA1BFA039F00983121 /* XCGLogger.framework in Frameworks */ = {isa = PBXBuildFile; fileRef = CB64E39C1BFA037B00983121 /* XCGLogger.framework */; };
		CB6C23351BF8DD2D00DBB606 /* FileSystemItem.swift in Sources */ = {isa = PBXBuildFile; fileRef = CB6C23341BF8DD2D00DBB606 /* FileSystemItem.swift */; };
		CB6C233A1BF8E33900DBB606 /* Tag+CoreDataProperties.swift in Sources */ = {isa = PBXBuildFile; fileRef = CB6C23361BF8E33900DBB606 /* Tag+CoreDataProperties.swift */; };
		CB6C233B1BF8E33900DBB606 /* Tag.swift in Sources */ = {isa = PBXBuildFile; fileRef = CB6C23371BF8E33900DBB606 /* Tag.swift */; };
		CB6C233C1BF8E33900DBB606 /* Context+CoreDataProperties.swift in Sources */ = {isa = PBXBuildFile; fileRef = CB6C23381BF8E33900DBB606 /* Context+CoreDataProperties.swift */; };
		CB6C233D1BF8E33900DBB606 /* Context.swift in Sources */ = {isa = PBXBuildFile; fileRef = CB6C23391BF8E33900DBB606 /* Context.swift */; };
		CBCC7BF71BF56DD30048646A /* ContentViewController.swift in Sources */ = {isa = PBXBuildFile; fileRef = CBCC7BE91BF56DD30048646A /* ContentViewController.swift */; };
		CBCC7BF81BF56DD30048646A /* MainViewController.swift in Sources */ = {isa = PBXBuildFile; fileRef = CBCC7BEA1BF56DD30048646A /* MainViewController.swift */; };
		CBCC7BF91BF56DD30048646A /* Assets.xcassets in Resources */ = {isa = PBXBuildFile; fileRef = CBCC7BEE1BF56DD30048646A /* Assets.xcassets */; };
		CBCC7BFA1BF56DD30048646A /* Main.storyboard in Resources */ = {isa = PBXBuildFile; fileRef = CBCC7BEF1BF56DD30048646A /* Main.storyboard */; };
		CBCC7BFD1BF56DD30048646A /* TagMac.xcdatamodeld in Sources */ = {isa = PBXBuildFile; fileRef = CBCC7BF41BF56DD30048646A /* TagMac.xcdatamodeld */; };
		CBCC7C011BF56E130048646A /* LeftViewController.swift in Sources */ = {isa = PBXBuildFile; fileRef = CBCC7C001BF56E130048646A /* LeftViewController.swift */; };
		CBCC7C041BF56E1E0048646A /* RightViewController.swift in Sources */ = {isa = PBXBuildFile; fileRef = CBCC7C021BF56E1E0048646A /* RightViewController.swift */; };
		CBCC7C071BF56E2C0048646A /* MiddleViewController.swift in Sources */ = {isa = PBXBuildFile; fileRef = CBCC7C061BF56E2C0048646A /* MiddleViewController.swift */; };
		CBE97B961BF975BF009325AF /* Cocoa.framework in Frameworks */ = {isa = PBXBuildFile; fileRef = CBE97B951BF975BF009325AF /* Cocoa.framework */; };
		CBE97B981BF975C6009325AF /* Security.framework in Frameworks */ = {isa = PBXBuildFile; fileRef = CBE97B971BF975C6009325AF /* Security.framework */; };
		CBE97B9A1BF975D2009325AF /* WebKit.framework in Frameworks */ = {isa = PBXBuildFile; fileRef = CBE97B991BF975D2009325AF /* WebKit.framework */; };
		CBE97B9C1BF9762D009325AF /* StoreKit.framework in Frameworks */ = {isa = PBXBuildFile; fileRef = CBE97B9B1BF9762D009325AF /* StoreKit.framework */; };
		CBF82C0F1BF5716600219536 /* TagMac.entitlements in Resources */ = {isa = PBXBuildFile; fileRef = CBF82C0E1BF5716600219536 /* TagMac.entitlements */; };
/* End PBXBuildFile section */

/* Begin PBXContainerItemProxy section */
		CB361D511BF9DECD00B62159 /* PBXContainerItemProxy */ = {
			isa = PBXContainerItemProxy;
			containerPortal = CBE97BD91BF9DB54009325AF /* EvernoteSDK.xcodeproj */;
			proxyType = 1;
			remoteGlobalIDString = 43741863170ADB2400D2BE51;
			remoteInfo = EvernoteSDKMac;
		};
		CB46D3011BF5654D0037BD46 /* PBXContainerItemProxy */ = {
			isa = PBXContainerItemProxy;
			containerPortal = CB46D2E41BF5654D0037BD46 /* Project object */;
			proxyType = 1;
			remoteGlobalIDString = CB46D2EB1BF5654D0037BD46;
			remoteInfo = TagMac;
		};
		CB46D30C1BF5654D0037BD46 /* PBXContainerItemProxy */ = {
			isa = PBXContainerItemProxy;
			containerPortal = CB46D2E41BF5654D0037BD46 /* Project object */;
			proxyType = 1;
			remoteGlobalIDString = CB46D2EB1BF5654D0037BD46;
			remoteInfo = TagMac;
		};
		CB64E37E1BFA036E00983121 /* PBXContainerItemProxy */ = {
			isa = PBXContainerItemProxy;
			containerPortal = CB64E3741BFA036E00983121 /* Alamofire.xcodeproj */;
			proxyType = 2;
			remoteGlobalIDString = F8111E3319A95C8B0040E7D1;
			remoteInfo = "Alamofire iOS";
		};
		CB64E3801BFA036E00983121 /* PBXContainerItemProxy */ = {
			isa = PBXContainerItemProxy;
			containerPortal = CB64E3741BFA036E00983121 /* Alamofire.xcodeproj */;
			proxyType = 2;
			remoteGlobalIDString = F8111E3E19A95C8B0040E7D1;
			remoteInfo = "Alamofire iOS Tests";
		};
		CB64E3821BFA036E00983121 /* PBXContainerItemProxy */ = {
			isa = PBXContainerItemProxy;
			containerPortal = CB64E3741BFA036E00983121 /* Alamofire.xcodeproj */;
			proxyType = 2;
			remoteGlobalIDString = 4DD67C0B1A5C55C900ED2280;
			remoteInfo = "Alamofire OSX";
		};
		CB64E3841BFA036E00983121 /* PBXContainerItemProxy */ = {
			isa = PBXContainerItemProxy;
			containerPortal = CB64E3741BFA036E00983121 /* Alamofire.xcodeproj */;
			proxyType = 2;
			remoteGlobalIDString = F829C6B21A7A94F100A2CD59;
			remoteInfo = "Alamofire OSX Tests";
		};
		CB64E3861BFA036E00983121 /* PBXContainerItemProxy */ = {
			isa = PBXContainerItemProxy;
			containerPortal = CB64E3741BFA036E00983121 /* Alamofire.xcodeproj */;
			proxyType = 2;
			remoteGlobalIDString = 4CF626EF1BA7CB3E0011A099;
			remoteInfo = "Alamofire tvOS";
		};
		CB64E3881BFA036E00983121 /* PBXContainerItemProxy */ = {
			isa = PBXContainerItemProxy;
			containerPortal = CB64E3741BFA036E00983121 /* Alamofire.xcodeproj */;
			proxyType = 2;
			remoteGlobalIDString = 4CF626F81BA7CB3E0011A099;
			remoteInfo = "Alamofire tvOS Tests";
		};
		CB64E38A1BFA036E00983121 /* PBXContainerItemProxy */ = {
			isa = PBXContainerItemProxy;
			containerPortal = CB64E3741BFA036E00983121 /* Alamofire.xcodeproj */;
			proxyType = 2;
			remoteGlobalIDString = E4202FE01B667AA100C997FB;
			remoteInfo = "Alamofire watchOS";
		};
		CB64E3991BFA037B00983121 /* PBXContainerItemProxy */ = {
			isa = PBXContainerItemProxy;
			containerPortal = CB64E3901BFA037B00983121 /* XCGLogger.xcodeproj */;
			proxyType = 2;
			remoteGlobalIDString = 55E3EE4519D76F280068C3A7;
			remoteInfo = "XCGLogger (iOS)";
		};
		CB64E39B1BFA037B00983121 /* PBXContainerItemProxy */ = {
			isa = PBXContainerItemProxy;
			containerPortal = CB64E3901BFA037B00983121 /* XCGLogger.xcodeproj */;
			proxyType = 2;
			remoteGlobalIDString = 554DF41719D76FE7005708BE;
			remoteInfo = "XCGLogger (OS X)";
		};
		CB64E39D1BFA037B00983121 /* PBXContainerItemProxy */ = {
			isa = PBXContainerItemProxy;
			containerPortal = CB64E3901BFA037B00983121 /* XCGLogger.xcodeproj */;
			proxyType = 2;
			remoteGlobalIDString = 70CB94201B99E728007802FF;
			remoteInfo = "XCGLogger (watchOS)";
		};
		CB64E39F1BFA037B00983121 /* PBXContainerItemProxy */ = {
			isa = PBXContainerItemProxy;
			containerPortal = CB64E3901BFA037B00983121 /* XCGLogger.xcodeproj */;
			proxyType = 2;
			remoteGlobalIDString = 5515A3DF1BA119FA0047BA31;
			remoteInfo = "XCGLogger (tvOS)";
		};
		CB64E3A11BFA037B00983121 /* PBXContainerItemProxy */ = {
			isa = PBXContainerItemProxy;
			containerPortal = CB64E3901BFA037B00983121 /* XCGLogger.xcodeproj */;
			proxyType = 2;
			remoteGlobalIDString = 55E3EE5019D76F280068C3A7;
			remoteInfo = "XCGLoggerTests (iOS)";
		};
		CB64E3A31BFA037B00983121 /* PBXContainerItemProxy */ = {
			isa = PBXContainerItemProxy;
			containerPortal = CB64E3901BFA037B00983121 /* XCGLogger.xcodeproj */;
			proxyType = 2;
			remoteGlobalIDString = 55BB1F011B79DC7500709779;
			remoteInfo = "XCGLoggerTests (OS X)";
		};
		CB64E3A51BFA038700983121 /* PBXContainerItemProxy */ = {
			isa = PBXContainerItemProxy;
			containerPortal = CB64E3901BFA037B00983121 /* XCGLogger.xcodeproj */;
			proxyType = 1;
			remoteGlobalIDString = 554DF41619D76FE7005708BE;
			remoteInfo = "XCGLogger (OS X)";
		};
		CB64E3A71BFA038C00983121 /* PBXContainerItemProxy */ = {
			isa = PBXContainerItemProxy;
			containerPortal = CB64E3741BFA036E00983121 /* Alamofire.xcodeproj */;
			proxyType = 1;
			remoteGlobalIDString = 4DD67C0A1A5C55C900ED2280;
			remoteInfo = "Alamofire OSX";
		};
		CBE97BE11BF9DB54009325AF /* PBXContainerItemProxy */ = {
			isa = PBXContainerItemProxy;
			containerPortal = CBE97BD91BF9DB54009325AF /* EvernoteSDK.xcodeproj */;
			proxyType = 2;
			remoteGlobalIDString = 0BB3D1AD1524ED96001C4534;
			remoteInfo = EvernoteSDK;
		};
		CBE97BE31BF9DB54009325AF /* PBXContainerItemProxy */ = {
			isa = PBXContainerItemProxy;
			containerPortal = CBE97BD91BF9DB54009325AF /* EvernoteSDK.xcodeproj */;
			proxyType = 2;
			remoteGlobalIDString = 43741864170ADB2400D2BE51;
			remoteInfo = "EvernoteSDK-Mac";
		};
		CBE97BE51BF9DB54009325AF /* PBXContainerItemProxy */ = {
			isa = PBXContainerItemProxy;
			containerPortal = CBE97BD91BF9DB54009325AF /* EvernoteSDK.xcodeproj */;
			proxyType = 2;
			remoteGlobalIDString = 0BB3D26E1524EF37001C4534;
			remoteInfo = "SampleApp-iOS";
		};
		CBE97BE71BF9DB54009325AF /* PBXContainerItemProxy */ = {
			isa = PBXContainerItemProxy;
			containerPortal = CBE97BD91BF9DB54009325AF /* EvernoteSDK.xcodeproj */;
			proxyType = 2;
			remoteGlobalIDString = 437418AC170ADCD600D2BE51;
			remoteInfo = "SampleApp-Mac";
		};
		CBE97BE91BF9DB54009325AF /* PBXContainerItemProxy */ = {
			isa = PBXContainerItemProxy;
			containerPortal = CBE97BD91BF9DB54009325AF /* EvernoteSDK.xcodeproj */;
			proxyType = 2;
			remoteGlobalIDString = 0BDBBC431550A11A003E6681;
			remoteInfo = UnitTests;
		};
/* End PBXContainerItemProxy section */

/* Begin PBXCopyFilesBuildPhase section */
		CBE97B9D1BF9764A009325AF /* CopyFiles */ = {
			isa = PBXCopyFilesBuildPhase;
			buildActionMask = 2147483647;
			dstPath = "";
			dstSubfolderSpec = 10;
			files = (
				CB361D501BF9DEB900B62159 /* EvernoteSDKMac.framework in CopyFiles */,
			);
			runOnlyForDeploymentPostprocessing = 0;
		};
/* End PBXCopyFilesBuildPhase section */

/* Begin PBXFileReference section */
		CB361D581BF9F27C00B62159 /* TagManager.swift */ = {isa = PBXFileReference; fileEncoding = 4; lastKnownFileType = sourcecode.swift; path = TagManager.swift; sourceTree = "<group>"; };
		CB361D5C1BF9F45B00B62159 /* EvernoteManager.swift */ = {isa = PBXFileReference; fileEncoding = 4; lastKnownFileType = sourcecode.swift; path = EvernoteManager.swift; sourceTree = "<group>"; };
		CB46D2EC1BF5654D0037BD46 /* TagMac.app */ = {isa = PBXFileReference; explicitFileType = wrapper.application; includeInIndex = 0; path = TagMac.app; sourceTree = BUILT_PRODUCTS_DIR; };
		CB46D2EF1BF5654D0037BD46 /* AppDelegate.swift */ = {isa = PBXFileReference; lastKnownFileType = sourcecode.swift; path = AppDelegate.swift; sourceTree = "<group>"; };
		CB46D2FB1BF5654D0037BD46 /* Info.plist */ = {isa = PBXFileReference; lastKnownFileType = text.plist.xml; path = Info.plist; sourceTree = "<group>"; };
		CB46D3001BF5654D0037BD46 /* TagMacTests.xctest */ = {isa = PBXFileReference; explicitFileType = wrapper.cfbundle; includeInIndex = 0; path = TagMacTests.xctest; sourceTree = BUILT_PRODUCTS_DIR; };
		CB46D3041BF5654D0037BD46 /* TagMacTests.swift */ = {isa = PBXFileReference; lastKnownFileType = sourcecode.swift; path = TagMacTests.swift; sourceTree = "<group>"; };
		CB46D3061BF5654D0037BD46 /* Info.plist */ = {isa = PBXFileReference; lastKnownFileType = text.plist.xml; path = Info.plist; sourceTree = "<group>"; };
		CB46D30B1BF5654D0037BD46 /* TagMacUITests.xctest */ = {isa = PBXFileReference; explicitFileType = wrapper.cfbundle; includeInIndex = 0; path = TagMacUITests.xctest; sourceTree = BUILT_PRODUCTS_DIR; };
		CB46D30F1BF5654D0037BD46 /* TagMacUITests.swift */ = {isa = PBXFileReference; lastKnownFileType = sourcecode.swift; path = TagMacUITests.swift; sourceTree = "<group>"; };
		CB46D3111BF5654D0037BD46 /* Info.plist */ = {isa = PBXFileReference; lastKnownFileType = text.plist.xml; path = Info.plist; sourceTree = "<group>"; };
		CB46D3201BF568F70037BD46 /* CloudKit.framework */ = {isa = PBXFileReference; lastKnownFileType = wrapper.framework; name = CloudKit.framework; path = System/Library/Frameworks/CloudKit.framework; sourceTree = SDKROOT; };
		CB64E3741BFA036E00983121 /* Alamofire.xcodeproj */ = {isa = PBXFileReference; lastKnownFileType = "wrapper.pb-project"; name = Alamofire.xcodeproj; path = Alamofire/Alamofire.xcodeproj; sourceTree = "<group>"; };
		CB64E3901BFA037B00983121 /* XCGLogger.xcodeproj */ = {isa = PBXFileReference; lastKnownFileType = "wrapper.pb-project"; name = XCGLogger.xcodeproj; path = XCGLogger/XCGLogger/Library/XCGLogger.xcodeproj; sourceTree = "<group>"; };
		CB6C23341BF8DD2D00DBB606 /* FileSystemItem.swift */ = {isa = PBXFileReference; fileEncoding = 4; lastKnownFileType = sourcecode.swift; path = FileSystemItem.swift; sourceTree = "<group>"; };
		CB6C23361BF8E33900DBB606 /* Tag+CoreDataProperties.swift */ = {isa = PBXFileReference; fileEncoding = 4; lastKnownFileType = sourcecode.swift; path = "Tag+CoreDataProperties.swift"; sourceTree = "<group>"; };
		CB6C23371BF8E33900DBB606 /* Tag.swift */ = {isa = PBXFileReference; fileEncoding = 4; lastKnownFileType = sourcecode.swift; path = Tag.swift; sourceTree = "<group>"; };
		CB6C23381BF8E33900DBB606 /* Context+CoreDataProperties.swift */ = {isa = PBXFileReference; fileEncoding = 4; lastKnownFileType = sourcecode.swift; path = "Context+CoreDataProperties.swift"; sourceTree = "<group>"; };
		CB6C23391BF8E33900DBB606 /* Context.swift */ = {isa = PBXFileReference; fileEncoding = 4; lastKnownFileType = sourcecode.swift; path = Context.swift; sourceTree = "<group>"; };
		CBCC7BE91BF56DD30048646A /* ContentViewController.swift */ = {isa = PBXFileReference; fileEncoding = 4; lastKnownFileType = sourcecode.swift; path = ContentViewController.swift; sourceTree = "<group>"; };
		CBCC7BEA1BF56DD30048646A /* MainViewController.swift */ = {isa = PBXFileReference; fileEncoding = 4; lastKnownFileType = sourcecode.swift; path = MainViewController.swift; sourceTree = "<group>"; };
		CBCC7BEE1BF56DD30048646A /* Assets.xcassets */ = {isa = PBXFileReference; lastKnownFileType = folder.assetcatalog; path = Assets.xcassets; sourceTree = "<group>"; };
		CBCC7BF01BF56DD30048646A /* Base */ = {isa = PBXFileReference; lastKnownFileType = file.storyboard; name = Base; path = Base.lproj/Main.storyboard; sourceTree = "<group>"; };
		CBCC7BF51BF56DD30048646A /* TagMac.xcdatamodel */ = {isa = PBXFileReference; lastKnownFileType = wrapper.xcdatamodel; path = TagMac.xcdatamodel; sourceTree = "<group>"; };
		CBCC7BFE1BF56DE20048646A /* en */ = {isa = PBXFileReference; lastKnownFileType = text.plist.strings; name = en; path = en.lproj/Main.strings; sourceTree = "<group>"; };
		CBCC7BFF1BF56DE50048646A /* zh-Hans */ = {isa = PBXFileReference; lastKnownFileType = text.plist.strings; name = "zh-Hans"; path = "zh-Hans.lproj/Main.strings"; sourceTree = "<group>"; };
		CBCC7C001BF56E130048646A /* LeftViewController.swift */ = {isa = PBXFileReference; fileEncoding = 4; lastKnownFileType = sourcecode.swift; path = LeftViewController.swift; sourceTree = "<group>"; };
		CBCC7C021BF56E1E0048646A /* RightViewController.swift */ = {isa = PBXFileReference; fileEncoding = 4; lastKnownFileType = sourcecode.swift; path = RightViewController.swift; sourceTree = "<group>"; };
		CBCC7C061BF56E2C0048646A /* MiddleViewController.swift */ = {isa = PBXFileReference; fileEncoding = 4; lastKnownFileType = sourcecode.swift; path = MiddleViewController.swift; sourceTree = "<group>"; };
		CBE97B951BF975BF009325AF /* Cocoa.framework */ = {isa = PBXFileReference; lastKnownFileType = wrapper.framework; name = Cocoa.framework; path = System/Library/Frameworks/Cocoa.framework; sourceTree = SDKROOT; };
		CBE97B971BF975C6009325AF /* Security.framework */ = {isa = PBXFileReference; lastKnownFileType = wrapper.framework; name = Security.framework; path = System/Library/Frameworks/Security.framework; sourceTree = SDKROOT; };
		CBE97B991BF975D2009325AF /* WebKit.framework */ = {isa = PBXFileReference; lastKnownFileType = wrapper.framework; name = WebKit.framework; path = System/Library/Frameworks/WebKit.framework; sourceTree = SDKROOT; };
		CBE97B9B1BF9762D009325AF /* StoreKit.framework */ = {isa = PBXFileReference; lastKnownFileType = wrapper.framework; name = StoreKit.framework; path = System/Library/Frameworks/StoreKit.framework; sourceTree = SDKROOT; };
		CBE97BD91BF9DB54009325AF /* EvernoteSDK.xcodeproj */ = {isa = PBXFileReference; lastKnownFileType = "wrapper.pb-project"; name = EvernoteSDK.xcodeproj; path = "evernote-sdk-mac-swift/EvernoteSDK.xcodeproj"; sourceTree = "<group>"; };
		CBF82C0E1BF5716600219536 /* TagMac.entitlements */ = {isa = PBXFileReference; fileEncoding = 4; lastKnownFileType = text.xml; path = TagMac.entitlements; sourceTree = "<group>"; };
/* End PBXFileReference section */

/* Begin PBXFrameworksBuildPhase section */
		CB46D2E91BF5654D0037BD46 /* Frameworks */ = {
			isa = PBXFrameworksBuildPhase;
			buildActionMask = 2147483647;
			files = (
				CB64E3AA1BFA039F00983121 /* XCGLogger.framework in Frameworks */,
				CB64E3A91BFA039500983121 /* Alamofire.framework in Frameworks */,
				CB361D531BF9DF2300B62159 /* EvernoteSDKMac.framework in Frameworks */,
				CBE97B9C1BF9762D009325AF /* StoreKit.framework in Frameworks */,
				CBE97B9A1BF975D2009325AF /* WebKit.framework in Frameworks */,
				CBE97B981BF975C6009325AF /* Security.framework in Frameworks */,
				CBE97B961BF975BF009325AF /* Cocoa.framework in Frameworks */,
				CB46D3211BF568F70037BD46 /* CloudKit.framework in Frameworks */,
			);
			runOnlyForDeploymentPostprocessing = 0;
		};
		CB46D2FD1BF5654D0037BD46 /* Frameworks */ = {
			isa = PBXFrameworksBuildPhase;
			buildActionMask = 2147483647;
			files = (
			);
			runOnlyForDeploymentPostprocessing = 0;
		};
		CB46D3081BF5654D0037BD46 /* Frameworks */ = {
			isa = PBXFrameworksBuildPhase;
			buildActionMask = 2147483647;
			files = (
			);
			runOnlyForDeploymentPostprocessing = 0;
		};
/* End PBXFrameworksBuildPhase section */

/* Begin PBXGroup section */
		CB361D571BF9F27300B62159 /* manager */ = {
			isa = PBXGroup;
			children = (
				CB361D581BF9F27C00B62159 /* TagManager.swift */,
				CB361D5C1BF9F45B00B62159 /* EvernoteManager.swift */,
			);
			path = manager;
			sourceTree = "<group>";
		};
		CB46D2E31BF5654D0037BD46 = {
			isa = PBXGroup;
			children = (
				CBE9787F1BF958C9009325AF /* Common */,
				CB46D3221BF569160037BD46 /* Frameworks */,
				CB46D2EE1BF5654D0037BD46 /* TagMac */,
				CB46D3031BF5654D0037BD46 /* TagMacTests */,
				CB46D30E1BF5654D0037BD46 /* TagMacUITests */,
				CB46D2ED1BF5654D0037BD46 /* Products */,
			);
			sourceTree = "<group>";
		};
		CB46D2ED1BF5654D0037BD46 /* Products */ = {
			isa = PBXGroup;
			children = (
				CB46D2EC1BF5654D0037BD46 /* TagMac.app */,
				CB46D3001BF5654D0037BD46 /* TagMacTests.xctest */,
				CB46D30B1BF5654D0037BD46 /* TagMacUITests.xctest */,
			);
			name = Products;
			sourceTree = "<group>";
		};
		CB46D2EE1BF5654D0037BD46 /* TagMac */ = {
			isa = PBXGroup;
			children = (
				CB46D2EF1BF5654D0037BD46 /* AppDelegate.swift */,
				CBCC7BE71BF56DD30048646A /* Classes */,
				CBCC7BED1BF56DD30048646A /* Resources */,
				CBF82C0D1BF5715900219536 /* Support Files */,
			);
			path = TagMac;
			sourceTree = "<group>";
		};
		CB46D3031BF5654D0037BD46 /* TagMacTests */ = {
			isa = PBXGroup;
			children = (
				CB46D3041BF5654D0037BD46 /* TagMacTests.swift */,
				CB46D3061BF5654D0037BD46 /* Info.plist */,
			);
			path = TagMacTests;
			sourceTree = "<group>";
		};
		CB46D30E1BF5654D0037BD46 /* TagMacUITests */ = {
			isa = PBXGroup;
			children = (
				CB46D30F1BF5654D0037BD46 /* TagMacUITests.swift */,
				CB46D3111BF5654D0037BD46 /* Info.plist */,
			);
			path = TagMacUITests;
			sourceTree = "<group>";
		};
		CB46D3221BF569160037BD46 /* Frameworks */ = {
			isa = PBXGroup;
			children = (
				CBE97B9B1BF9762D009325AF /* StoreKit.framework */,
				CBE97B991BF975D2009325AF /* WebKit.framework */,
				CBE97B971BF975C6009325AF /* Security.framework */,
				CBE97B951BF975BF009325AF /* Cocoa.framework */,
				CB46D3201BF568F70037BD46 /* CloudKit.framework */,
			);
			name = Frameworks;
			sourceTree = "<group>";
		};
		CB64E3751BFA036E00983121 /* Products */ = {
			isa = PBXGroup;
			children = (
				CB64E37F1BFA036E00983121 /* Alamofire.framework */,
				CB64E3811BFA036E00983121 /* Alamofire iOS Tests.xctest */,
				CB64E3831BFA036E00983121 /* Alamofire.framework */,
				CB64E3851BFA036E00983121 /* Alamofire OSX Tests.xctest */,
				CB64E3871BFA036E00983121 /* Alamofire.framework */,
				CB64E3891BFA036E00983121 /* Alamofire tvOS Tests.xctest */,
				CB64E38B1BFA036E00983121 /* Alamofire.framework */,
			);
			name = Products;
			sourceTree = "<group>";
		};
		CB64E3911BFA037B00983121 /* Products */ = {
			isa = PBXGroup;
			children = (
				CB64E39A1BFA037B00983121 /* XCGLogger.framework */,
				CB64E39C1BFA037B00983121 /* XCGLogger.framework */,
				CB64E39E1BFA037B00983121 /* XCGLogger.framework */,
				CB64E3A01BFA037B00983121 /* XCGLogger.framework */,
				CB64E3A21BFA037B00983121 /* XCGLoggerTests (iOS).xctest */,
				CB64E3A41BFA037B00983121 /* XCGLoggerTests (OS X).xctest */,
			);
			name = Products;
			sourceTree = "<group>";
		};
		CBCC7BE71BF56DD30048646A /* Classes */ = {
			isa = PBXGroup;
			children = (
				CB361D571BF9F27300B62159 /* manager */,
				CBCC7BE81BF56DD30048646A /* controller */,
				CBCC7BEB1BF56DD30048646A /* model */,
				CBCC7BEC1BF56DD30048646A /* view */,
			);
			path = Classes;
			sourceTree = "<group>";
		};
		CBCC7BE81BF56DD30048646A /* controller */ = {
			isa = PBXGroup;
			children = (
				CBCC7BEA1BF56DD30048646A /* MainViewController.swift */,
				CBCC7BE91BF56DD30048646A /* ContentViewController.swift */,
				CBCC7C001BF56E130048646A /* LeftViewController.swift */,
				CBCC7C061BF56E2C0048646A /* MiddleViewController.swift */,
				CBCC7C021BF56E1E0048646A /* RightViewController.swift */,
			);
			path = controller;
			sourceTree = "<group>";
		};
		CBCC7BEB1BF56DD30048646A /* model */ = {
			isa = PBXGroup;
			children = (
				CB6C23341BF8DD2D00DBB606 /* FileSystemItem.swift */,
				CB6C23361BF8E33900DBB606 /* Tag+CoreDataProperties.swift */,
				CB6C23371BF8E33900DBB606 /* Tag.swift */,
				CB6C23381BF8E33900DBB606 /* Context+CoreDataProperties.swift */,
				CB6C23391BF8E33900DBB606 /* Context.swift */,
			);
			path = model;
			sourceTree = "<group>";
		};
		CBCC7BEC1BF56DD30048646A /* view */ = {
			isa = PBXGroup;
			children = (
			);
			path = view;
			sourceTree = "<group>";
		};
		CBCC7BED1BF56DD30048646A /* Resources */ = {
			isa = PBXGroup;
			children = (
				CBCC7BEF1BF56DD30048646A /* Main.storyboard */,
				CBCC7BEE1BF56DD30048646A /* Assets.xcassets */,
				CBCC7BF41BF56DD30048646A /* TagMac.xcdatamodeld */,
			);
			path = Resources;
			sourceTree = "<group>";
		};
		CBE9787F1BF958C9009325AF /* Common */ = {
			isa = PBXGroup;
			children = (
				CBE97B931BF9758D009325AF /* bridges */,
				CBE978801BF958C9009325AF /* modules */,
			);
			name = Common;
			path = ../Common;
			sourceTree = "<group>";
		};
		CBE978801BF958C9009325AF /* modules */ = {
			isa = PBXGroup;
			children = (
				CB64E3901BFA037B00983121 /* XCGLogger.xcodeproj */,
				CB64E3741BFA036E00983121 /* Alamofire.xcodeproj */,
				CBE97BD91BF9DB54009325AF /* EvernoteSDK.xcodeproj */,
			);
			path = modules;
			sourceTree = "<group>";
		};
		CBE97B931BF9758D009325AF /* bridges */ = {
			isa = PBXGroup;
			children = (
			);
			path = bridges;
			sourceTree = "<group>";
		};
		CBE97BDA1BF9DB54009325AF /* Products */ = {
			isa = PBXGroup;
			children = (
				CBE97BE21BF9DB54009325AF /* libEvernoteSDK.a */,
				CBE97BE41BF9DB54009325AF /* EvernoteSDKMac.framework */,
				CBE97BE61BF9DB54009325AF /* SampleApp-iOS.app */,
				CBE97BE81BF9DB54009325AF /* SampleApp-Mac.app */,
				CBE97BEA1BF9DB54009325AF /* UnitTests.octest */,
			);
			name = Products;
			sourceTree = "<group>";
		};
		CBF82C0D1BF5715900219536 /* Support Files */ = {
			isa = PBXGroup;
			children = (
				CBF82C0E1BF5716600219536 /* TagMac.entitlements */,
				CB46D2FB1BF5654D0037BD46 /* Info.plist */,
			);
			name = "Support Files";
			sourceTree = "<group>";
		};
/* End PBXGroup section */

/* Begin PBXNativeTarget section */
		CB46D2EB1BF5654D0037BD46 /* TagMac */ = {
			isa = PBXNativeTarget;
			buildConfigurationList = CB46D3141BF5654D0037BD46 /* Build configuration list for PBXNativeTarget "TagMac" */;
			buildPhases = (
				CB46D2E81BF5654D0037BD46 /* Sources */,
				CB46D2E91BF5654D0037BD46 /* Frameworks */,
				CB46D2EA1BF5654D0037BD46 /* Resources */,
				CBE97B9D1BF9764A009325AF /* CopyFiles */,
			);
			buildRules = (
			);
			dependencies = (
				CB64E3A81BFA038C00983121 /* PBXTargetDependency */,
				CB64E3A61BFA038700983121 /* PBXTargetDependency */,
				CB361D521BF9DECD00B62159 /* PBXTargetDependency */,
			);
			name = TagMac;
			productName = TagMac;
			productReference = CB46D2EC1BF5654D0037BD46 /* TagMac.app */;
			productType = "com.apple.product-type.application";
		};
		CB46D2FF1BF5654D0037BD46 /* TagMacTests */ = {
			isa = PBXNativeTarget;
			buildConfigurationList = CB46D3171BF5654D0037BD46 /* Build configuration list for PBXNativeTarget "TagMacTests" */;
			buildPhases = (
				CB46D2FC1BF5654D0037BD46 /* Sources */,
				CB46D2FD1BF5654D0037BD46 /* Frameworks */,
				CB46D2FE1BF5654D0037BD46 /* Resources */,
			);
			buildRules = (
			);
			dependencies = (
				CB46D3021BF5654D0037BD46 /* PBXTargetDependency */,
			);
			name = TagMacTests;
			productName = TagMacTests;
			productReference = CB46D3001BF5654D0037BD46 /* TagMacTests.xctest */;
			productType = "com.apple.product-type.bundle.unit-test";
		};
		CB46D30A1BF5654D0037BD46 /* TagMacUITests */ = {
			isa = PBXNativeTarget;
			buildConfigurationList = CB46D31A1BF5654D0037BD46 /* Build configuration list for PBXNativeTarget "TagMacUITests" */;
			buildPhases = (
				CB46D3071BF5654D0037BD46 /* Sources */,
				CB46D3081BF5654D0037BD46 /* Frameworks */,
				CB46D3091BF5654D0037BD46 /* Resources */,
			);
			buildRules = (
			);
			dependencies = (
				CB46D30D1BF5654D0037BD46 /* PBXTargetDependency */,
			);
			name = TagMacUITests;
			productName = TagMacUITests;
			productReference = CB46D30B1BF5654D0037BD46 /* TagMacUITests.xctest */;
			productType = "com.apple.product-type.bundle.ui-testing";
		};
/* End PBXNativeTarget section */

/* Begin PBXProject section */
		CB46D2E41BF5654D0037BD46 /* Project object */ = {
			isa = PBXProject;
			attributes = {
				LastSwiftUpdateCheck = 0710;
				LastUpgradeCheck = 0710;
				ORGANIZATIONNAME = "OneBox Design";
				TargetAttributes = {
					CB46D2EB1BF5654D0037BD46 = {
						CreatedOnToolsVersion = 7.1;
						DevelopmentTeam = 224G3733ES;
						SystemCapabilities = {
							com.apple.Push = {
								enabled = 1;
							};
							com.apple.iCloud = {
								enabled = 1;
							};
						};
					};
					CB46D2FF1BF5654D0037BD46 = {
						CreatedOnToolsVersion = 7.1;
						TestTargetID = CB46D2EB1BF5654D0037BD46;
					};
					CB46D30A1BF5654D0037BD46 = {
						CreatedOnToolsVersion = 7.1;
						TestTargetID = CB46D2EB1BF5654D0037BD46;
					};
				};
			};
			buildConfigurationList = CB46D2E71BF5654D0037BD46 /* Build configuration list for PBXProject "TagMac" */;
			compatibilityVersion = "Xcode 3.2";
			developmentRegion = English;
			hasScannedForEncodings = 0;
			knownRegions = (
				en,
				Base,
				"zh-Hans",
			);
			mainGroup = CB46D2E31BF5654D0037BD46;
			productRefGroup = CB46D2ED1BF5654D0037BD46 /* Products */;
			projectDirPath = "";
			projectReferences = (
				{
					ProductGroup = CB64E3751BFA036E00983121 /* Products */;
					ProjectRef = CB64E3741BFA036E00983121 /* Alamofire.xcodeproj */;
				},
				{
					ProductGroup = CBE97BDA1BF9DB54009325AF /* Products */;
					ProjectRef = CBE97BD91BF9DB54009325AF /* EvernoteSDK.xcodeproj */;
				},
				{
					ProductGroup = CB64E3911BFA037B00983121 /* Products */;
					ProjectRef = CB64E3901BFA037B00983121 /* XCGLogger.xcodeproj */;
				},
			);
			projectRoot = "";
			targets = (
				CB46D2EB1BF5654D0037BD46 /* TagMac */,
				CB46D2FF1BF5654D0037BD46 /* TagMacTests */,
				CB46D30A1BF5654D0037BD46 /* TagMacUITests */,
			);
		};
/* End PBXProject section */

/* Begin PBXReferenceProxy section */
		CB64E37F1BFA036E00983121 /* Alamofire.framework */ = {
			isa = PBXReferenceProxy;
			fileType = wrapper.framework;
			path = Alamofire.framework;
			remoteRef = CB64E37E1BFA036E00983121 /* PBXContainerItemProxy */;
			sourceTree = BUILT_PRODUCTS_DIR;
		};
		CB64E3811BFA036E00983121 /* Alamofire iOS Tests.xctest */ = {
			isa = PBXReferenceProxy;
			fileType = wrapper.cfbundle;
			path = "Alamofire iOS Tests.xctest";
			remoteRef = CB64E3801BFA036E00983121 /* PBXContainerItemProxy */;
			sourceTree = BUILT_PRODUCTS_DIR;
		};
		CB64E3831BFA036E00983121 /* Alamofire.framework */ = {
			isa = PBXReferenceProxy;
			fileType = wrapper.framework;
			path = Alamofire.framework;
			remoteRef = CB64E3821BFA036E00983121 /* PBXContainerItemProxy */;
			sourceTree = BUILT_PRODUCTS_DIR;
		};
		CB64E3851BFA036E00983121 /* Alamofire OSX Tests.xctest */ = {
			isa = PBXReferenceProxy;
			fileType = wrapper.cfbundle;
			path = "Alamofire OSX Tests.xctest";
			remoteRef = CB64E3841BFA036E00983121 /* PBXContainerItemProxy */;
			sourceTree = BUILT_PRODUCTS_DIR;
		};
		CB64E3871BFA036E00983121 /* Alamofire.framework */ = {
			isa = PBXReferenceProxy;
			fileType = wrapper.framework;
			path = Alamofire.framework;
			remoteRef = CB64E3861BFA036E00983121 /* PBXContainerItemProxy */;
			sourceTree = BUILT_PRODUCTS_DIR;
		};
		CB64E3891BFA036E00983121 /* Alamofire tvOS Tests.xctest */ = {
			isa = PBXReferenceProxy;
			fileType = wrapper.cfbundle;
			path = "Alamofire tvOS Tests.xctest";
			remoteRef = CB64E3881BFA036E00983121 /* PBXContainerItemProxy */;
			sourceTree = BUILT_PRODUCTS_DIR;
		};
		CB64E38B1BFA036E00983121 /* Alamofire.framework */ = {
			isa = PBXReferenceProxy;
			fileType = wrapper.framework;
			path = Alamofire.framework;
			remoteRef = CB64E38A1BFA036E00983121 /* PBXContainerItemProxy */;
			sourceTree = BUILT_PRODUCTS_DIR;
		};
		CB64E39A1BFA037B00983121 /* XCGLogger.framework */ = {
			isa = PBXReferenceProxy;
			fileType = wrapper.framework;
			path = XCGLogger.framework;
			remoteRef = CB64E3991BFA037B00983121 /* PBXContainerItemProxy */;
			sourceTree = BUILT_PRODUCTS_DIR;
		};
		CB64E39C1BFA037B00983121 /* XCGLogger.framework */ = {
			isa = PBXReferenceProxy;
			fileType = wrapper.framework;
			path = XCGLogger.framework;
			remoteRef = CB64E39B1BFA037B00983121 /* PBXContainerItemProxy */;
			sourceTree = BUILT_PRODUCTS_DIR;
		};
		CB64E39E1BFA037B00983121 /* XCGLogger.framework */ = {
			isa = PBXReferenceProxy;
			fileType = wrapper.framework;
			path = XCGLogger.framework;
			remoteRef = CB64E39D1BFA037B00983121 /* PBXContainerItemProxy */;
			sourceTree = BUILT_PRODUCTS_DIR;
		};
		CB64E3A01BFA037B00983121 /* XCGLogger.framework */ = {
			isa = PBXReferenceProxy;
			fileType = wrapper.framework;
			path = XCGLogger.framework;
			remoteRef = CB64E39F1BFA037B00983121 /* PBXContainerItemProxy */;
			sourceTree = BUILT_PRODUCTS_DIR;
		};
		CB64E3A21BFA037B00983121 /* XCGLoggerTests (iOS).xctest */ = {
			isa = PBXReferenceProxy;
			fileType = wrapper.cfbundle;
			path = "XCGLoggerTests (iOS).xctest";
			remoteRef = CB64E3A11BFA037B00983121 /* PBXContainerItemProxy */;
			sourceTree = BUILT_PRODUCTS_DIR;
		};
		CB64E3A41BFA037B00983121 /* XCGLoggerTests (OS X).xctest */ = {
			isa = PBXReferenceProxy;
			fileType = wrapper.cfbundle;
			path = "XCGLoggerTests (OS X).xctest";
			remoteRef = CB64E3A31BFA037B00983121 /* PBXContainerItemProxy */;
			sourceTree = BUILT_PRODUCTS_DIR;
		};
		CBE97BE21BF9DB54009325AF /* libEvernoteSDK.a */ = {
			isa = PBXReferenceProxy;
			fileType = archive.ar;
			path = libEvernoteSDK.a;
			remoteRef = CBE97BE11BF9DB54009325AF /* PBXContainerItemProxy */;
			sourceTree = BUILT_PRODUCTS_DIR;
		};
		CBE97BE41BF9DB54009325AF /* EvernoteSDKMac.framework */ = {
			isa = PBXReferenceProxy;
			fileType = wrapper.framework;
			path = EvernoteSDKMac.framework;
			remoteRef = CBE97BE31BF9DB54009325AF /* PBXContainerItemProxy */;
			sourceTree = BUILT_PRODUCTS_DIR;
		};
		CBE97BE61BF9DB54009325AF /* SampleApp-iOS.app */ = {
			isa = PBXReferenceProxy;
			fileType = wrapper.application;
			path = "SampleApp-iOS.app";
			remoteRef = CBE97BE51BF9DB54009325AF /* PBXContainerItemProxy */;
			sourceTree = BUILT_PRODUCTS_DIR;
		};
		CBE97BE81BF9DB54009325AF /* SampleApp-Mac.app */ = {
			isa = PBXReferenceProxy;
			fileType = wrapper.application;
			path = "SampleApp-Mac.app";
			remoteRef = CBE97BE71BF9DB54009325AF /* PBXContainerItemProxy */;
			sourceTree = BUILT_PRODUCTS_DIR;
		};
		CBE97BEA1BF9DB54009325AF /* UnitTests.octest */ = {
			isa = PBXReferenceProxy;
			fileType = wrapper.cfbundle;
			path = UnitTests.octest;
			remoteRef = CBE97BE91BF9DB54009325AF /* PBXContainerItemProxy */;
			sourceTree = BUILT_PRODUCTS_DIR;
		};
/* End PBXReferenceProxy section */

/* Begin PBXResourcesBuildPhase section */
		CB46D2EA1BF5654D0037BD46 /* Resources */ = {
			isa = PBXResourcesBuildPhase;
			buildActionMask = 2147483647;
			files = (
				CBCC7BF91BF56DD30048646A /* Assets.xcassets in Resources */,
				CBCC7BFA1BF56DD30048646A /* Main.storyboard in Resources */,
				CBF82C0F1BF5716600219536 /* TagMac.entitlements in Resources */,
			);
			runOnlyForDeploymentPostprocessing = 0;
		};
		CB46D2FE1BF5654D0037BD46 /* Resources */ = {
			isa = PBXResourcesBuildPhase;
			buildActionMask = 2147483647;
			files = (
			);
			runOnlyForDeploymentPostprocessing = 0;
		};
		CB46D3091BF5654D0037BD46 /* Resources */ = {
			isa = PBXResourcesBuildPhase;
			buildActionMask = 2147483647;
			files = (
			);
			runOnlyForDeploymentPostprocessing = 0;
		};
/* End PBXResourcesBuildPhase section */

/* Begin PBXSourcesBuildPhase section */
		CB46D2E81BF5654D0037BD46 /* Sources */ = {
			isa = PBXSourcesBuildPhase;
			buildActionMask = 2147483647;
			files = (
				CBCC7BFD1BF56DD30048646A /* TagMac.xcdatamodeld in Sources */,
				CBCC7BF71BF56DD30048646A /* ContentViewController.swift in Sources */,
				CB361D591BF9F27C00B62159 /* TagManager.swift in Sources */,
				CB361D5D1BF9F45B00B62159 /* EvernoteManager.swift in Sources */,
				CB6C233B1BF8E33900DBB606 /* Tag.swift in Sources */,
				CB46D2F01BF5654D0037BD46 /* AppDelegate.swift in Sources */,
				CB6C23351BF8DD2D00DBB606 /* FileSystemItem.swift in Sources */,
				CB6C233C1BF8E33900DBB606 /* Context+CoreDataProperties.swift in Sources */,
				CBCC7C011BF56E130048646A /* LeftViewController.swift in Sources */,
				CBCC7BF81BF56DD30048646A /* MainViewController.swift in Sources */,
				CBCC7C071BF56E2C0048646A /* MiddleViewController.swift in Sources */,
				CB6C233D1BF8E33900DBB606 /* Context.swift in Sources */,
				CBCC7C041BF56E1E0048646A /* RightViewController.swift in Sources */,
				CB6C233A1BF8E33900DBB606 /* Tag+CoreDataProperties.swift in Sources */,
			);
			runOnlyForDeploymentPostprocessing = 0;
		};
		CB46D2FC1BF5654D0037BD46 /* Sources */ = {
			isa = PBXSourcesBuildPhase;
			buildActionMask = 2147483647;
			files = (
				CB46D3051BF5654D0037BD46 /* TagMacTests.swift in Sources */,
			);
			runOnlyForDeploymentPostprocessing = 0;
		};
		CB46D3071BF5654D0037BD46 /* Sources */ = {
			isa = PBXSourcesBuildPhase;
			buildActionMask = 2147483647;
			files = (
				CB46D3101BF5654D0037BD46 /* TagMacUITests.swift in Sources */,
			);
			runOnlyForDeploymentPostprocessing = 0;
		};
/* End PBXSourcesBuildPhase section */

/* Begin PBXTargetDependency section */
		CB361D521BF9DECD00B62159 /* PBXTargetDependency */ = {
			isa = PBXTargetDependency;
			name = EvernoteSDKMac;
			targetProxy = CB361D511BF9DECD00B62159 /* PBXContainerItemProxy */;
		};
		CB46D3021BF5654D0037BD46 /* PBXTargetDependency */ = {
			isa = PBXTargetDependency;
			target = CB46D2EB1BF5654D0037BD46 /* TagMac */;
			targetProxy = CB46D3011BF5654D0037BD46 /* PBXContainerItemProxy */;
		};
		CB46D30D1BF5654D0037BD46 /* PBXTargetDependency */ = {
			isa = PBXTargetDependency;
			target = CB46D2EB1BF5654D0037BD46 /* TagMac */;
			targetProxy = CB46D30C1BF5654D0037BD46 /* PBXContainerItemProxy */;
		};
		CB64E3A61BFA038700983121 /* PBXTargetDependency */ = {
			isa = PBXTargetDependency;
			name = "XCGLogger (OS X)";
			targetProxy = CB64E3A51BFA038700983121 /* PBXContainerItemProxy */;
		};
		CB64E3A81BFA038C00983121 /* PBXTargetDependency */ = {
			isa = PBXTargetDependency;
			name = "Alamofire OSX";
			targetProxy = CB64E3A71BFA038C00983121 /* PBXContainerItemProxy */;
		};
/* End PBXTargetDependency section */

/* Begin PBXVariantGroup section */
		CBCC7BEF1BF56DD30048646A /* Main.storyboard */ = {
			isa = PBXVariantGroup;
			children = (
				CBCC7BF01BF56DD30048646A /* Base */,
				CBCC7BFE1BF56DE20048646A /* en */,
				CBCC7BFF1BF56DE50048646A /* zh-Hans */,
			);
			name = Main.storyboard;
			sourceTree = "<group>";
		};
/* End PBXVariantGroup section */

/* Begin XCBuildConfiguration section */
		CB46D3121BF5654D0037BD46 /* Debug */ = {
			isa = XCBuildConfiguration;
			buildSettings = {
				ALWAYS_SEARCH_USER_PATHS = NO;
				CLANG_CXX_LANGUAGE_STANDARD = "gnu++0x";
				CLANG_CXX_LIBRARY = "libc++";
				CLANG_ENABLE_MODULES = YES;
				CLANG_ENABLE_OBJC_ARC = YES;
				CLANG_WARN_BOOL_CONVERSION = YES;
				CLANG_WARN_CONSTANT_CONVERSION = YES;
				CLANG_WARN_DIRECT_OBJC_ISA_USAGE = YES_ERROR;
				CLANG_WARN_EMPTY_BODY = YES;
				CLANG_WARN_ENUM_CONVERSION = YES;
				CLANG_WARN_INT_CONVERSION = YES;
				CLANG_WARN_OBJC_ROOT_CLASS = YES_ERROR;
				CLANG_WARN_UNREACHABLE_CODE = YES;
				CLANG_WARN__DUPLICATE_METHOD_MATCH = YES;
				CODE_SIGN_IDENTITY = "-";
				COPY_PHASE_STRIP = NO;
				DEBUG_INFORMATION_FORMAT = dwarf;
				ENABLE_STRICT_OBJC_MSGSEND = YES;
				ENABLE_TESTABILITY = YES;
				GCC_C_LANGUAGE_STANDARD = gnu99;
				GCC_DYNAMIC_NO_PIC = NO;
				GCC_NO_COMMON_BLOCKS = YES;
				GCC_OPTIMIZATION_LEVEL = 0;
				GCC_PREPROCESSOR_DEFINITIONS = (
					"DEBUG=1",
					"$(inherited)",
				);
				GCC_WARN_64_TO_32_BIT_CONVERSION = YES;
				GCC_WARN_ABOUT_RETURN_TYPE = YES_ERROR;
				GCC_WARN_UNDECLARED_SELECTOR = YES;
				GCC_WARN_UNINITIALIZED_AUTOS = YES_AGGRESSIVE;
				GCC_WARN_UNUSED_FUNCTION = YES;
				GCC_WARN_UNUSED_VARIABLE = YES;
				MACOSX_DEPLOYMENT_TARGET = 10.11;
				MTL_ENABLE_DEBUG_INFO = YES;
				ONLY_ACTIVE_ARCH = YES;
				SDKROOT = macosx;
				SWIFT_OPTIMIZATION_LEVEL = "-Onone";
			};
			name = Debug;
		};
		CB46D3131BF5654D0037BD46 /* Release */ = {
			isa = XCBuildConfiguration;
			buildSettings = {
				ALWAYS_SEARCH_USER_PATHS = NO;
				CLANG_CXX_LANGUAGE_STANDARD = "gnu++0x";
				CLANG_CXX_LIBRARY = "libc++";
				CLANG_ENABLE_MODULES = YES;
				CLANG_ENABLE_OBJC_ARC = YES;
				CLANG_WARN_BOOL_CONVERSION = YES;
				CLANG_WARN_CONSTANT_CONVERSION = YES;
				CLANG_WARN_DIRECT_OBJC_ISA_USAGE = YES_ERROR;
				CLANG_WARN_EMPTY_BODY = YES;
				CLANG_WARN_ENUM_CONVERSION = YES;
				CLANG_WARN_INT_CONVERSION = YES;
				CLANG_WARN_OBJC_ROOT_CLASS = YES_ERROR;
				CLANG_WARN_UNREACHABLE_CODE = YES;
				CLANG_WARN__DUPLICATE_METHOD_MATCH = YES;
				CODE_SIGN_IDENTITY = "-";
				COPY_PHASE_STRIP = NO;
				DEBUG_INFORMATION_FORMAT = "dwarf-with-dsym";
				ENABLE_NS_ASSERTIONS = NO;
				ENABLE_STRICT_OBJC_MSGSEND = YES;
				GCC_C_LANGUAGE_STANDARD = gnu99;
				GCC_NO_COMMON_BLOCKS = YES;
				GCC_WARN_64_TO_32_BIT_CONVERSION = YES;
				GCC_WARN_ABOUT_RETURN_TYPE = YES_ERROR;
				GCC_WARN_UNDECLARED_SELECTOR = YES;
				GCC_WARN_UNINITIALIZED_AUTOS = YES_AGGRESSIVE;
				GCC_WARN_UNUSED_FUNCTION = YES;
				GCC_WARN_UNUSED_VARIABLE = YES;
				MACOSX_DEPLOYMENT_TARGET = 10.11;
				MTL_ENABLE_DEBUG_INFO = NO;
				SDKROOT = macosx;
			};
			name = Release;
		};
		CB46D3151BF5654D0037BD46 /* Debug */ = {
			isa = XCBuildConfiguration;
			buildSettings = {
				ASSETCATALOG_COMPILER_APPICON_NAME = AppIcon;
				CODE_SIGN_ENTITLEMENTS = TagMac/TagMac.entitlements;
				CODE_SIGN_IDENTITY = "Mac Developer";
				"CODE_SIGN_IDENTITY[sdk=macosx*]" = "Mac Developer";
				COMBINE_HIDPI_IMAGES = YES;
				DEFINES_MODULE = YES;
				INFOPLIST_FILE = TagMac/Info.plist;
				LD_RUNPATH_SEARCH_PATHS = "$(inherited) @executable_path/../Frameworks";
				MACOSX_DEPLOYMENT_TARGET = 10.10;
				PRODUCT_BUNDLE_IDENTIFIER = com.oneboxapp.TagMac;
				PRODUCT_NAME = "$(TARGET_NAME)";
				PROVISIONING_PROFILE = "";
				SWIFT_OBJC_BRIDGING_HEADER = "";
			};
			name = Debug;
		};
		CB46D3161BF5654D0037BD46 /* Release */ = {
			isa = XCBuildConfiguration;
			buildSettings = {
				ASSETCATALOG_COMPILER_APPICON_NAME = AppIcon;
				CODE_SIGN_ENTITLEMENTS = TagMac/TagMac.entitlements;
				CODE_SIGN_IDENTITY = "3rd Party Mac Developer Application";
				"CODE_SIGN_IDENTITY[sdk=macosx*]" = "3rd Party Mac Developer Application";
				COMBINE_HIDPI_IMAGES = YES;
				DEFINES_MODULE = YES;
				INFOPLIST_FILE = TagMac/Info.plist;
				LD_RUNPATH_SEARCH_PATHS = "$(inherited) @executable_path/../Frameworks";
				MACOSX_DEPLOYMENT_TARGET = 10.10;
				PRODUCT_BUNDLE_IDENTIFIER = com.oneboxapp.TagMac;
				PRODUCT_NAME = "$(TARGET_NAME)";
				PROVISIONING_PROFILE = "";
				SWIFT_OBJC_BRIDGING_HEADER = "";
			};
			name = Release;
		};
		CB46D3181BF5654D0037BD46 /* Debug */ = {
			isa = XCBuildConfiguration;
			buildSettings = {
				BUNDLE_LOADER = "$(TEST_HOST)";
				COMBINE_HIDPI_IMAGES = YES;
				INFOPLIST_FILE = TagMacTests/Info.plist;
				LD_RUNPATH_SEARCH_PATHS = "$(inherited) @executable_path/../Frameworks @loader_path/../Frameworks";
				PRODUCT_BUNDLE_IDENTIFIER = com.oneboxapp.TagMacTests;
				PRODUCT_NAME = "$(TARGET_NAME)";
				TEST_HOST = "$(BUILT_PRODUCTS_DIR)/TagMac.app/Contents/MacOS/TagMac";
			};
			name = Debug;
		};
		CB46D3191BF5654D0037BD46 /* Release */ = {
			isa = XCBuildConfiguration;
			buildSettings = {
				BUNDLE_LOADER = "$(TEST_HOST)";
				COMBINE_HIDPI_IMAGES = YES;
				INFOPLIST_FILE = TagMacTests/Info.plist;
				LD_RUNPATH_SEARCH_PATHS = "$(inherited) @executable_path/../Frameworks @loader_path/../Frameworks";
				PRODUCT_BUNDLE_IDENTIFIER = com.oneboxapp.TagMacTests;
				PRODUCT_NAME = "$(TARGET_NAME)";
				TEST_HOST = "$(BUILT_PRODUCTS_DIR)/TagMac.app/Contents/MacOS/TagMac";
			};
			name = Release;
		};
		CB46D31B1BF5654D0037BD46 /* Debug */ = {
			isa = XCBuildConfiguration;
			buildSettings = {
				COMBINE_HIDPI_IMAGES = YES;
				INFOPLIST_FILE = TagMacUITests/Info.plist;
				LD_RUNPATH_SEARCH_PATHS = "$(inherited) @executable_path/../Frameworks @loader_path/../Frameworks";
				PRODUCT_BUNDLE_IDENTIFIER = com.oneboxapp.TagMacUITests;
				PRODUCT_NAME = "$(TARGET_NAME)";
				TEST_TARGET_NAME = TagMac;
				USES_XCTRUNNER = YES;
			};
			name = Debug;
		};
		CB46D31C1BF5654D0037BD46 /* Release */ = {
			isa = XCBuildConfiguration;
			buildSettings = {
				COMBINE_HIDPI_IMAGES = YES;
				INFOPLIST_FILE = TagMacUITests/Info.plist;
				LD_RUNPATH_SEARCH_PATHS = "$(inherited) @executable_path/../Frameworks @loader_path/../Frameworks";
				PRODUCT_BUNDLE_IDENTIFIER = com.oneboxapp.TagMacUITests;
				PRODUCT_NAME = "$(TARGET_NAME)";
				TEST_TARGET_NAME = TagMac;
				USES_XCTRUNNER = YES;
			};
			name = Release;
		};
/* End XCBuildConfiguration section */

/* Begin XCConfigurationList section */
		CB46D2E71BF5654D0037BD46 /* Build configuration list for PBXProject "TagMac" */ = {
			isa = XCConfigurationList;
			buildConfigurations = (
				CB46D3121BF5654D0037BD46 /* Debug */,
				CB46D3131BF5654D0037BD46 /* Release */,
			);
			defaultConfigurationIsVisible = 0;
			defaultConfigurationName = Release;
		};
		CB46D3141BF5654D0037BD46 /* Build configuration list for PBXNativeTarget "TagMac" */ = {
			isa = XCConfigurationList;
			buildConfigurations = (
				CB46D3151BF5654D0037BD46 /* Debug */,
				CB46D3161BF5654D0037BD46 /* Release */,
			);
			defaultConfigurationIsVisible = 0;
			defaultConfigurationName = Release;
		};
		CB46D3171BF5654D0037BD46 /* Build configuration list for PBXNativeTarget "TagMacTests" */ = {
			isa = XCConfigurationList;
			buildConfigurations = (
				CB46D3181BF5654D0037BD46 /* Debug */,
				CB46D3191BF5654D0037BD46 /* Release */,
			);
			defaultConfigurationIsVisible = 0;
			defaultConfigurationName = Release;
		};
		CB46D31A1BF5654D0037BD46 /* Build configuration list for PBXNativeTarget "TagMacUITests" */ = {
			isa = XCConfigurationList;
			buildConfigurations = (
				CB46D31B1BF5654D0037BD46 /* Debug */,
				CB46D31C1BF5654D0037BD46 /* Release */,
			);
			defaultConfigurationIsVisible = 0;
			defaultConfigurationName = Release;
		};
/* End XCConfigurationList section */

/* Begin XCVersionGroup section */
		CBCC7BF41BF56DD30048646A /* TagMac.xcdatamodeld */ = {
			isa = XCVersionGroup;
			children = (
				CBCC7BF51BF56DD30048646A /* TagMac.xcdatamodel */,
			);
			currentVersion = CBCC7BF51BF56DD30048646A /* TagMac.xcdatamodel */;
			path = TagMac.xcdatamodeld;
			sourceTree = "<group>";
			versionGroupType = wrapper.xcdatamodel;
		};
/* End XCVersionGroup section */
	};
	rootObject = CB46D2E41BF5654D0037BD46 /* Project object */;
}
